
Microsoft Visual Studio Solution File, Format Version 12.00
Project("{FAE04EC0-301F-11D3-BF4B-00C04F79EFBC}") = "AreaCalc", "AreaCalc\AreaCalc.csproj", "{32B3D4F5-7BCC-478A-8263-C2E1C89A2BB2}"
EndProject
Project("{FAE04EC0-301F-11D3-BF4B-00C04F79EFBC}") = "UnitTest", "UnitTest\UnitTest.csproj", "{28EC8EF5-D16E-473C-AA24-C710E800ABD5}"
EndProject
Global
	GlobalSection(SolutionConfigurationPlatforms) = preSolution
		Debug|Any CPU = Debug|Any CPU
		Release|Any CPU = Release|Any CPU
	EndGlobalSection
	GlobalSection(ProjectConfigurationPlatforms) = postSolution
		{32B3D4F5-7BCC-478A-8263-C2E1C89A2BB2}.Debug|Any CPU.ActiveCfg = Debug|Any CPU
		{32B3D4F5-7BCC-478A-8263-C2E1C89A2BB2}.Debug|Any CPU.Build.0 = Debug|Any CPU
		{32B3D4F5-7BCC-478A-8263-C2E1C89A2BB2}.Release|Any CPU.ActiveCfg = Release|Any CPU
		{32B3D4F5-7BCC-478A-8263-C2E1C89A2BB2}.Release|Any CPU.Build.0 = Release|Any CPU
		{28EC8EF5-D16E-473C-AA24-C710E800ABD5}.Debug|Any CPU.ActiveCfg = Debug|Any CPU
		{28EC8EF5-D16E-473C-AA24-C710E800ABD5}.Debug|Any CPU.Build.0 = Debug|Any CPU
		{28EC8EF5-D16E-473C-AA24-C710E800ABD5}.Release|Any CPU.ActiveCfg = Release|Any CPU
		{28EC8EF5-D16E-473C-AA24-C710E800ABD5}.Release|Any CPU.Build.0 = Release|Any CPU
	EndGlobalSection
EndGlobal
